
Microsoft Visual Studio Solution File, Format Version 12.00
# Visual Studio 14
VisualStudioVersion = 14.0.25420.1
MinimumVisualStudioVersion = 10.0.40219.1
Project("{FAE04EC0-301F-11D3-BF4B-00C04F79EFBC}") = "ArrayService", "ArrayService\ArrayService.csproj", "{1D873523-EFB4-4D6B-A840-B2BDFCE5535B}"
EndProject
Project("{FAE04EC0-301F-11D3-BF4B-00C04F79EFBC}") = "Testing", "Testing\Testing.csproj", "{6075D110-FEB3-4243-913D-ED4849934123}"
EndProject
Global
	GlobalSection(SolutionConfigurationPlatforms) = preSolution
		Debug|Any CPU = Debug|Any CPU
		Release|Any CPU = Release|Any CPU
	EndGlobalSection
	GlobalSection(ProjectConfigurationPlatforms) = postSolution
		{1D873523-EFB4-4D6B-A840-B2BDFCE5535B}.Debug|Any CPU.ActiveCfg = Debug|Any CPU
		{1D873523-EFB4-4D6B-A840-B2BDFCE5535B}.Debug|Any CPU.Build.0 = Debug|Any CPU
		{1D873523-EFB4-4D6B-A840-B2BDFCE5535B}.Release|Any CPU.ActiveCfg = Release|Any CPU
		{1D873523-EFB4-4D6B-A840-B2BDFCE5535B}.Release|Any CPU.Build.0 = Release|Any CPU
		{6075D110-FEB3-4243-913D-ED4849934123}.Debug|Any CPU.ActiveCfg = Debug|Any CPU
		{6075D110-FEB3-4243-913D-ED4849934123}.Debug|Any CPU.Build.0 = Debug|Any CPU
		{6075D110-FEB3-4243-913D-ED4849934123}.Release|Any CPU.ActiveCfg = Release|Any CPU
		{6075D110-FEB3-4243-913D-ED4849934123}.Release|Any CPU.Build.0 = Release|Any CPU
	EndGlobalSection
	GlobalSection(SolutionProperties) = preSolution
		HideSolutionNode = FALSE
	EndGlobalSection
EndGlobal
